
Microsoft Visual Studio Solution File, Format Version 12.00
# Visual Studio Version 17
VisualStudioVersion = 17.8.34525.116
MinimumVisualStudioVersion = 10.0.40219.1
Project("{FAE04EC0-301F-11D3-BF4B-00C04F79EFBC}") = "whatIsMinimalApi", "whatIsMinimalApi\whatIsMinimalApi.csproj", "{D3A356B3-0CF3-4FF3-8E28-31F0271AA6AB}"
EndProject
Global
	GlobalSection(SolutionConfigurationPlatforms) = preSolution
		Debug|Any CPU = Debug|Any CPU
		Release|Any CPU = Release|Any CPU
	EndGlobalSection
	GlobalSection(ProjectConfigurationPlatforms) = postSolution
		{D3A356B3-0CF3-4FF3-8E28-31F0271AA6AB}.Debug|Any CPU.ActiveCfg = Debug|Any CPU
		{D3A356B3-0CF3-4FF3-8E28-31F0271AA6AB}.Debug|Any CPU.Build.0 = Debug|Any CPU
		{D3A356B3-0CF3-4FF3-8E28-31F0271AA6AB}.Release|Any CPU.ActiveCfg = Release|Any CPU
		{D3A356B3-0CF3-4FF3-8E28-31F0271AA6AB}.Release|Any CPU.Build.0 = Release|Any CPU
	EndGlobalSection
	GlobalSection(SolutionProperties) = preSolution
		HideSolutionNode = FALSE
	EndGlobalSection
	GlobalSection(ExtensibilityGlobals) = postSolution
		SolutionGuid = {7EC34F71-9BFD-4048-BEF2-63FC45C79AE3}
	EndGlobalSection
EndGlobal
