
Microsoft Visual Studio Solution File, Format Version 12.00
# Visual Studio Version 17
VisualStudioVersion = 17.8.34525.116
MinimumVisualStudioVersion = 10.0.40219.1
Project("{FAE04EC0-301F-11D3-BF4B-00C04F79EFBC}") = "NewFeaturesOfCsharp", "NewFeaturesOfCsharp\NewFeaturesOfCsharp.csproj", "{980B6DC5-ED92-4B54-87F3-08B9CC3A6A02}"
EndProject
Global
	GlobalSection(SolutionConfigurationPlatforms) = preSolution
		Debug|Any CPU = Debug|Any CPU
		Release|Any CPU = Release|Any CPU
	EndGlobalSection
	GlobalSection(ProjectConfigurationPlatforms) = postSolution
		{980B6DC5-ED92-4B54-87F3-08B9CC3A6A02}.Debug|Any CPU.ActiveCfg = Debug|Any CPU
		{980B6DC5-ED92-4B54-87F3-08B9CC3A6A02}.Debug|Any CPU.Build.0 = Debug|Any CPU
		{980B6DC5-ED92-4B54-87F3-08B9CC3A6A02}.Release|Any CPU.ActiveCfg = Release|Any CPU
		{980B6DC5-ED92-4B54-87F3-08B9CC3A6A02}.Release|Any CPU.Build.0 = Release|Any CPU
	EndGlobalSection
	GlobalSection(SolutionProperties) = preSolution
		HideSolutionNode = FALSE
	EndGlobalSection
	GlobalSection(ExtensibilityGlobals) = postSolution
		SolutionGuid = {F03A4AB8-1531-498C-AD55-63F6046AE64C}
	EndGlobalSection
EndGlobal
