
Microsoft Visual Studio Solution File, Format Version 12.00
# Visual Studio Version 17
VisualStudioVersion = 17.8.34525.116
MinimumVisualStudioVersion = 10.0.40219.1
Project("{FAE04EC0-301F-11D3-BF4B-00C04F79EFBC}") = "WhatsNewInDotnetSix", "WhatsNewInDotnetSix\WhatsNewInDotnetSix.csproj", "{6A0E7577-D22A-4281-A68F-14211E3DA076}"
EndProject
Global
	GlobalSection(SolutionConfigurationPlatforms) = preSolution
		Debug|Any CPU = Debug|Any CPU
		Release|Any CPU = Release|Any CPU
	EndGlobalSection
	GlobalSection(ProjectConfigurationPlatforms) = postSolution
		{6A0E7577-D22A-4281-A68F-14211E3DA076}.Debug|Any CPU.ActiveCfg = Debug|Any CPU
		{6A0E7577-D22A-4281-A68F-14211E3DA076}.Debug|Any CPU.Build.0 = Debug|Any CPU
		{6A0E7577-D22A-4281-A68F-14211E3DA076}.Release|Any CPU.ActiveCfg = Release|Any CPU
		{6A0E7577-D22A-4281-A68F-14211E3DA076}.Release|Any CPU.Build.0 = Release|Any CPU
	EndGlobalSection
	GlobalSection(SolutionProperties) = preSolution
		HideSolutionNode = FALSE
	EndGlobalSection
	GlobalSection(ExtensibilityGlobals) = postSolution
		SolutionGuid = {ADA880A0-835E-4FFF-85A7-55ED02D1522A}
	EndGlobalSection
EndGlobal
