
Microsoft Visual Studio Solution File, Format Version 12.00
# Visual Studio Version 17
VisualStudioVersion = 17.8.34525.116
MinimumVisualStudioVersion = 10.0.40219.1
Project("{FAE04EC0-301F-11D3-BF4B-00C04F79EFBC}") = "OlddotNEt3", "OlddotNEt3\OlddotNEt3.csproj", "{2F27126B-CFC2-484F-843A-FC3E747058D9}"
EndProject
Global
	GlobalSection(SolutionConfigurationPlatforms) = preSolution
		Debug|Any CPU = Debug|Any CPU
		Release|Any CPU = Release|Any CPU
	EndGlobalSection
	GlobalSection(ProjectConfigurationPlatforms) = postSolution
		{2F27126B-CFC2-484F-843A-FC3E747058D9}.Debug|Any CPU.ActiveCfg = Debug|Any CPU
		{2F27126B-CFC2-484F-843A-FC3E747058D9}.Debug|Any CPU.Build.0 = Debug|Any CPU
		{2F27126B-CFC2-484F-843A-FC3E747058D9}.Release|Any CPU.ActiveCfg = Release|Any CPU
		{2F27126B-CFC2-484F-843A-FC3E747058D9}.Release|Any CPU.Build.0 = Release|Any CPU
	EndGlobalSection
	GlobalSection(SolutionProperties) = preSolution
		HideSolutionNode = FALSE
	EndGlobalSection
	GlobalSection(ExtensibilityGlobals) = postSolution
		SolutionGuid = {C4B4BDF9-AD9D-4FB0-B54E-E11667B0F607}
	EndGlobalSection
EndGlobal
